
Microsoft Visual Studio Solution File, Format Version 12.00
# Visual Studio Version 17
VisualStudioVersion = 17.0.31903.59
MinimumVisualStudioVersion = 10.0.40219.1
Project("{2150E333-8FDC-42A3-9474-1A3956D46DE8}") = "src", "src", "{2F7F86E7-0FDC-4BA7-A9D2-AAD574452F2D}"
EndProject
Project("{FAE04EC0-301F-11D3-BF4B-00C04F79EFBC}") = "MtgaBot.Ingest", "src\MtgaBot.Ingest\MtgaBot.Ingest.csproj", "{D5C3E1FA-AD26-44A1-BA62-28D62664684B}"
EndProject
Project("{FAE04EC0-301F-11D3-BF4B-00C04F79EFBC}") = "MtgaBot.State", "src\MtgaBot.State\MtgaBot.State.csproj", "{0B4961D8-0A93-4853-99AA-83FC323904D3}"
EndProject
Project("{FAE04EC0-301F-11D3-BF4B-00C04F79EFBC}") = "MtgaBot.Decide", "src\MtgaBot.Decide\MtgaBot.Decide.csproj", "{43EA5885-A9FD-4D32-B78F-FEE4604D1556}"
EndProject
Project("{FAE04EC0-301F-11D3-BF4B-00C04F79EFBC}") = "MtgaBot.Actuate", "src\MtgaBot.Actuate\MtgaBot.Actuate.csproj", "{FC8315EE-BB6E-407A-A141-620D92567BD6}"
EndProject
Project("{FAE04EC0-301F-11D3-BF4B-00C04F79EFBC}") = "MtgaBot.Host", "src\MtgaBot.Host\MtgaBot.Host.csproj", "{29F5872A-218B-4052-B8AC-A386A309859C}"
EndProject
Project("{FAE04EC0-301F-11D3-BF4B-00C04F79EFBC}") = "MtgaBot.Cli", "src\MtgaBot.Cli\MtgaBot.Cli.csproj", "{1E4DE200-3A1B-40FE-AF72-89931EB70CCF}"
EndProject
Project("{2150E333-8FDC-42A3-9474-1A3956D46DE8}") = "tests", "tests", "{DBCAF440-2A4B-43C4-9985-3ADD98F609A8}"
EndProject
Project("{FAE04EC0-301F-11D3-BF4B-00C04F79EFBC}") = "MtgaBot.Ingest.Tests", "tests\MtgaBot.Ingest.Tests\MtgaBot.Ingest.Tests.csproj", "{C0583352-5DB1-4B84-A512-26F1C9E1976F}"
EndProject
Project("{FAE04EC0-301F-11D3-BF4B-00C04F79EFBC}") = "MtgaBot.State.Tests", "tests\MtgaBot.State.Tests\MtgaBot.State.Tests.csproj", "{8538BFC3-5641-4496-A22B-9CEBE93DE96F}"
EndProject
Project("{FAE04EC0-301F-11D3-BF4B-00C04F79EFBC}") = "MtgaBot.Decide.Tests", "tests\MtgaBot.Decide.Tests\MtgaBot.Decide.Tests.csproj", "{1C55C59A-347B-4441-B89C-5DA62DCE660A}"
EndProject
Project("{FAE04EC0-301F-11D3-BF4B-00C04F79EFBC}") = "MtgaBot.Integration.Tests", "tests\MtgaBot.Integration.Tests\MtgaBot.Integration.Tests.csproj", "{EFB4C372-13A8-4324-86FC-F082D97BFD44}"
EndProject
Global
	GlobalSection(SolutionConfigurationPlatforms) = preSolution
		Debug|Any CPU = Debug|Any CPU
		Release|Any CPU = Release|Any CPU
	EndGlobalSection
	GlobalSection(SolutionProperties) = preSolution
		HideSolutionNode = FALSE
	EndGlobalSection
	GlobalSection(ProjectConfigurationPlatforms) = postSolution
		{D5C3E1FA-AD26-44A1-BA62-28D62664684B}.Debug|Any CPU.ActiveCfg = Debug|Any CPU
		{D5C3E1FA-AD26-44A1-BA62-28D62664684B}.Debug|Any CPU.Build.0 = Debug|Any CPU
		{D5C3E1FA-AD26-44A1-BA62-28D62664684B}.Release|Any CPU.ActiveCfg = Release|Any CPU
		{D5C3E1FA-AD26-44A1-BA62-28D62664684B}.Release|Any CPU.Build.0 = Release|Any CPU
		{0B4961D8-0A93-4853-99AA-83FC323904D3}.Debug|Any CPU.ActiveCfg = Debug|Any CPU
		{0B4961D8-0A93-4853-99AA-83FC323904D3}.Debug|Any CPU.Build.0 = Debug|Any CPU
		{0B4961D8-0A93-4853-99AA-83FC323904D3}.Release|Any CPU.ActiveCfg = Release|Any CPU
		{0B4961D8-0A93-4853-99AA-83FC323904D3}.Release|Any CPU.Build.0 = Release|Any CPU
		{43EA5885-A9FD-4D32-B78F-FEE4604D1556}.Debug|Any CPU.ActiveCfg = Debug|Any CPU
		{43EA5885-A9FD-4D32-B78F-FEE4604D1556}.Debug|Any CPU.Build.0 = Debug|Any CPU
		{43EA5885-A9FD-4D32-B78F-FEE4604D1556}.Release|Any CPU.ActiveCfg = Release|Any CPU
		{43EA5885-A9FD-4D32-B78F-FEE4604D1556}.Release|Any CPU.Build.0 = Release|Any CPU
		{FC8315EE-BB6E-407A-A141-620D92567BD6}.Debug|Any CPU.ActiveCfg = Debug|Any CPU
		{FC8315EE-BB6E-407A-A141-620D92567BD6}.Debug|Any CPU.Build.0 = Debug|Any CPU
		{FC8315EE-BB6E-407A-A141-620D92567BD6}.Release|Any CPU.ActiveCfg = Release|Any CPU
		{FC8315EE-BB6E-407A-A141-620D92567BD6}.Release|Any CPU.Build.0 = Release|Any CPU
		{29F5872A-218B-4052-B8AC-A386A309859C}.Debug|Any CPU.ActiveCfg = Debug|Any CPU
		{29F5872A-218B-4052-B8AC-A386A309859C}.Debug|Any CPU.Build.0 = Debug|Any CPU
		{29F5872A-218B-4052-B8AC-A386A309859C}.Release|Any CPU.ActiveCfg = Release|Any CPU
		{29F5872A-218B-4052-B8AC-A386A309859C}.Release|Any CPU.Build.0 = Release|Any CPU
		{1E4DE200-3A1B-40FE-AF72-89931EB70CCF}.Debug|Any CPU.ActiveCfg = Debug|Any CPU
		{1E4DE200-3A1B-40FE-AF72-89931EB70CCF}.Debug|Any CPU.Build.0 = Debug|Any CPU
		{1E4DE200-3A1B-40FE-AF72-89931EB70CCF}.Release|Any CPU.ActiveCfg = Release|Any CPU
		{1E4DE200-3A1B-40FE-AF72-89931EB70CCF}.Release|Any CPU.Build.0 = Release|Any CPU
		{C0583352-5DB1-4B84-A512-26F1C9E1976F}.Debug|Any CPU.ActiveCfg = Debug|Any CPU
		{C0583352-5DB1-4B84-A512-26F1C9E1976F}.Debug|Any CPU.Build.0 = Debug|Any CPU
		{C0583352-5DB1-4B84-A512-26F1C9E1976F}.Release|Any CPU.ActiveCfg = Release|Any CPU
		{C0583352-5DB1-4B84-A512-26F1C9E1976F}.Release|Any CPU.Build.0 = Release|Any CPU
		{8538BFC3-5641-4496-A22B-9CEBE93DE96F}.Debug|Any CPU.ActiveCfg = Debug|Any CPU
		{8538BFC3-5641-4496-A22B-9CEBE93DE96F}.Debug|Any CPU.Build.0 = Debug|Any CPU
		{8538BFC3-5641-4496-A22B-9CEBE93DE96F}.Release|Any CPU.ActiveCfg = Release|Any CPU
		{8538BFC3-5641-4496-A22B-9CEBE93DE96F}.Release|Any CPU.Build.0 = Release|Any CPU
		{1C55C59A-347B-4441-B89C-5DA62DCE660A}.Debug|Any CPU.ActiveCfg = Debug|Any CPU
		{1C55C59A-347B-4441-B89C-5DA62DCE660A}.Debug|Any CPU.Build.0 = Debug|Any CPU
		{1C55C59A-347B-4441-B89C-5DA62DCE660A}.Release|Any CPU.ActiveCfg = Release|Any CPU
		{1C55C59A-347B-4441-B89C-5DA62DCE660A}.Release|Any CPU.Build.0 = Release|Any CPU
		{EFB4C372-13A8-4324-86FC-F082D97BFD44}.Debug|Any CPU.ActiveCfg = Debug|Any CPU
		{EFB4C372-13A8-4324-86FC-F082D97BFD44}.Debug|Any CPU.Build.0 = Debug|Any CPU
		{EFB4C372-13A8-4324-86FC-F082D97BFD44}.Release|Any CPU.ActiveCfg = Release|Any CPU
		{EFB4C372-13A8-4324-86FC-F082D97BFD44}.Release|Any CPU.Build.0 = Release|Any CPU
	EndGlobalSection
	GlobalSection(NestedProjects) = preSolution
		{D5C3E1FA-AD26-44A1-BA62-28D62664684B} = {2F7F86E7-0FDC-4BA7-A9D2-AAD574452F2D}
		{0B4961D8-0A93-4853-99AA-83FC323904D3} = {2F7F86E7-0FDC-4BA7-A9D2-AAD574452F2D}
		{43EA5885-A9FD-4D32-B78F-FEE4604D1556} = {2F7F86E7-0FDC-4BA7-A9D2-AAD574452F2D}
		{FC8315EE-BB6E-407A-A141-620D92567BD6} = {2F7F86E7-0FDC-4BA7-A9D2-AAD574452F2D}
		{29F5872A-218B-4052-B8AC-A386A309859C} = {2F7F86E7-0FDC-4BA7-A9D2-AAD574452F2D}
		{1E4DE200-3A1B-40FE-AF72-89931EB70CCF} = {2F7F86E7-0FDC-4BA7-A9D2-AAD574452F2D}
		{C0583352-5DB1-4B84-A512-26F1C9E1976F} = {DBCAF440-2A4B-43C4-9985-3ADD98F609A8}
		{8538BFC3-5641-4496-A22B-9CEBE93DE96F} = {DBCAF440-2A4B-43C4-9985-3ADD98F609A8}
		{1C55C59A-347B-4441-B89C-5DA62DCE660A} = {DBCAF440-2A4B-43C4-9985-3ADD98F609A8}
		{EFB4C372-13A8-4324-86FC-F082D97BFD44} = {DBCAF440-2A4B-43C4-9985-3ADD98F609A8}
	EndGlobalSection
EndGlobal
